
Microsoft Visual Studio Solution File, Format Version 12.00
# Visual Studio 15
VisualStudioVersion = 15.0.27130.2024
MinimumVisualStudioVersion = 10.0.40219.1
Project("{FAE04EC0-301F-11D3-BF4B-00C04F79EFBC}") = "Calculator", "Calculator\Calculator.csproj", "{28346828-2D25-4C09-B3F0-D321C848E93D}"
EndProject
Global
	GlobalSection(SolutionConfigurationPlatforms) = preSolution
		Debug|Any CPU = Debug|Any CPU
		Release|Any CPU = Release|Any CPU
	EndGlobalSection
	GlobalSection(ProjectConfigurationPlatforms) = postSolution
		{28346828-2D25-4C09-B3F0-D321C848E93D}.Debug|Any CPU.ActiveCfg = Debug|Any CPU
		{28346828-2D25-4C09-B3F0-D321C848E93D}.Debug|Any CPU.Build.0 = Debug|Any CPU
		{28346828-2D25-4C09-B3F0-D321C848E93D}.Release|Any CPU.ActiveCfg = Release|Any CPU
		{28346828-2D25-4C09-B3F0-D321C848E93D}.Release|Any CPU.Build.0 = Release|Any CPU
	EndGlobalSection
	GlobalSection(SolutionProperties) = preSolution
		HideSolutionNode = FALSE
	EndGlobalSection
	GlobalSection(ExtensibilityGlobals) = postSolution
		SolutionGuid = {0A26AE3E-560E-4DFB-A02C-5441DB18520D}
	EndGlobalSection
EndGlobal
